
Microsoft Visual Studio Solution File, Format Version 12.00
# Visual Studio Version 17
VisualStudioVersion = 17.14.36518.9 d17.14
MinimumVisualStudioVersion = 10.0.40219.1
Project("{FAE04EC0-301F-11D3-BF4B-00C04F79EFBC}") = "MauiAppHotel", "MauiAppHotel\MauiAppHotel.csproj", "{0E906420-1DCF-472E-862B-B34DCB616F77}"
EndProject
Global
	GlobalSection(SolutionConfigurationPlatforms) = preSolution
		Debug|Any CPU = Debug|Any CPU
		Release|Any CPU = Release|Any CPU
	EndGlobalSection
	GlobalSection(ProjectConfigurationPlatforms) = postSolution
		{0E906420-1DCF-472E-862B-B34DCB616F77}.Debug|Any CPU.ActiveCfg = Debug|Any CPU
		{0E906420-1DCF-472E-862B-B34DCB616F77}.Debug|Any CPU.Build.0 = Debug|Any CPU
		{0E906420-1DCF-472E-862B-B34DCB616F77}.Debug|Any CPU.Deploy.0 = Debug|Any CPU
		{0E906420-1DCF-472E-862B-B34DCB616F77}.Release|Any CPU.ActiveCfg = Release|Any CPU
		{0E906420-1DCF-472E-862B-B34DCB616F77}.Release|Any CPU.Build.0 = Release|Any CPU
		{0E906420-1DCF-472E-862B-B34DCB616F77}.Release|Any CPU.Deploy.0 = Release|Any CPU
	EndGlobalSection
	GlobalSection(SolutionProperties) = preSolution
		HideSolutionNode = FALSE
	EndGlobalSection
	GlobalSection(ExtensibilityGlobals) = postSolution
		SolutionGuid = {DEED512C-5E7A-40AF-A4E3-4738B15E0E50}
	EndGlobalSection
EndGlobal
